
Microsoft Visual Studio Solution File, Format Version 12.00
# Visual Studio 15
VisualStudioVersion = 15.0.28010.2026
MinimumVisualStudioVersion = 10.0.40219.1
Project("{9A19103F-16F7-4668-BE54-9A1E7A4F7556}") = "JobsServer", "JobsServer\JobsServer.csproj", "{F8544496-9AFD-4145-802E-DEE78010A175}"
EndProject
Project("{9A19103F-16F7-4668-BE54-9A1E7A4F7556}") = "Hangfire.Dashboard.BasicAuthorization", "Hangfire.Dashboard.BasicAuthorization\Hangfire.Dashboard.BasicAuthorization.csproj", "{054A206F-5079-4000-B61B-62BF34474D55}"
EndProject
Project("{9A19103F-16F7-4668-BE54-9A1E7A4F7556}") = "Hangfire.Redis.StackExchange", "Hangfire.Redis.StackExchange\Hangfire.Redis.StackExchange.csproj", "{11BAEFC2-2C2C-434B-BB72-FD2652291B13}"
EndProject
Project("{9A19103F-16F7-4668-BE54-9A1E7A4F7556}") = "CommonUtils", "CommonUtils\CommonUtils.csproj", "{6A955FBC-56B3-4485-8D69-1CEB73C2EBB5}"
EndProject
Project("{9A19103F-16F7-4668-BE54-9A1E7A4F7556}") = "Hangfire.HttpJob", "Hangfire.HttpJob\Hangfire.HttpJob.csproj", "{0E7056D5-A712-46E4-8650-36B1745B61A2}"
EndProject
Global
	GlobalSection(SolutionConfigurationPlatforms) = preSolution
		Debug|Any CPU = Debug|Any CPU
		Release|Any CPU = Release|Any CPU
	EndGlobalSection
	GlobalSection(ProjectConfigurationPlatforms) = postSolution
		{F8544496-9AFD-4145-802E-DEE78010A175}.Debug|Any CPU.ActiveCfg = Debug|Any CPU
		{F8544496-9AFD-4145-802E-DEE78010A175}.Debug|Any CPU.Build.0 = Debug|Any CPU
		{F8544496-9AFD-4145-802E-DEE78010A175}.Release|Any CPU.ActiveCfg = Release|Any CPU
		{F8544496-9AFD-4145-802E-DEE78010A175}.Release|Any CPU.Build.0 = Release|Any CPU
		{054A206F-5079-4000-B61B-62BF34474D55}.Debug|Any CPU.ActiveCfg = Debug|Any CPU
		{054A206F-5079-4000-B61B-62BF34474D55}.Debug|Any CPU.Build.0 = Debug|Any CPU
		{054A206F-5079-4000-B61B-62BF34474D55}.Release|Any CPU.ActiveCfg = Release|Any CPU
		{054A206F-5079-4000-B61B-62BF34474D55}.Release|Any CPU.Build.0 = Release|Any CPU
		{11BAEFC2-2C2C-434B-BB72-FD2652291B13}.Debug|Any CPU.ActiveCfg = Debug|Any CPU
		{11BAEFC2-2C2C-434B-BB72-FD2652291B13}.Debug|Any CPU.Build.0 = Debug|Any CPU
		{11BAEFC2-2C2C-434B-BB72-FD2652291B13}.Release|Any CPU.ActiveCfg = Release|Any CPU
		{11BAEFC2-2C2C-434B-BB72-FD2652291B13}.Release|Any CPU.Build.0 = Release|Any CPU
		{6A955FBC-56B3-4485-8D69-1CEB73C2EBB5}.Debug|Any CPU.ActiveCfg = Debug|Any CPU
		{6A955FBC-56B3-4485-8D69-1CEB73C2EBB5}.Debug|Any CPU.Build.0 = Debug|Any CPU
		{6A955FBC-56B3-4485-8D69-1CEB73C2EBB5}.Release|Any CPU.ActiveCfg = Release|Any CPU
		{6A955FBC-56B3-4485-8D69-1CEB73C2EBB5}.Release|Any CPU.Build.0 = Release|Any CPU
		{0E7056D5-A712-46E4-8650-36B1745B61A2}.Debug|Any CPU.ActiveCfg = Debug|Any CPU
		{0E7056D5-A712-46E4-8650-36B1745B61A2}.Debug|Any CPU.Build.0 = Debug|Any CPU
		{0E7056D5-A712-46E4-8650-36B1745B61A2}.Release|Any CPU.ActiveCfg = Release|Any CPU
		{0E7056D5-A712-46E4-8650-36B1745B61A2}.Release|Any CPU.Build.0 = Release|Any CPU
	EndGlobalSection
	GlobalSection(SolutionProperties) = preSolution
		HideSolutionNode = FALSE
	EndGlobalSection
	GlobalSection(ExtensibilityGlobals) = postSolution
		SolutionGuid = {BF266ED6-1405-4ACF-8176-8D5922AA0FF3}
	EndGlobalSection
EndGlobal
