
Microsoft Visual Studio Solution File, Format Version 12.00
# Visual Studio Version 17
VisualStudioVersion = 17.3.32611.2
MinimumVisualStudioVersion = 10.0.40219.1
Project("{9A19103F-16F7-4668-BE54-9A1E7A4F7556}") = "JobsServer", "JobsServer\JobsServer.csproj", "{F8544496-9AFD-4145-802E-DEE78010A175}"
EndProject
Project("{9A19103F-16F7-4668-BE54-9A1E7A4F7556}") = "Hangfire.Dashboard.BasicAuthorization", "Hangfire.Dashboard.BasicAuthorization\Hangfire.Dashboard.BasicAuthorization.csproj", "{054A206F-5079-4000-B61B-62BF34474D55}"
EndProject
Project("{9A19103F-16F7-4668-BE54-9A1E7A4F7556}") = "CommonUtils", "CommonUtils\CommonUtils.csproj", "{6A955FBC-56B3-4485-8D69-1CEB73C2EBB5}"
EndProject
Project("{9A19103F-16F7-4668-BE54-9A1E7A4F7556}") = "Hangfire.HttpJob", "Hangfire.HttpJob\Hangfire.HttpJob.csproj", "{0E7056D5-A712-46E4-8650-36B1745B61A2}"
EndProject
Project("{9A19103F-16F7-4668-BE54-9A1E7A4F7556}") = "Hangfire.Redis.StackExchange", "Hangfire.Redis.StackExchange\Hangfire.Redis.StackExchange.csproj", "{6BDF8635-B8AC-4AE2-9076-BEDA8A5956E5}"
EndProject
Project("{9A19103F-16F7-4668-BE54-9A1E7A4F7556}") = "Hangfire.HttpJob.Storage.All", "Hangfire.HttpJob.Storage.All\Hangfire.HttpJob.Storage.All.csproj", "{02811364-3653-4D30-8676-7819386B8E9F}"
EndProject
Project("{FAE04EC0-301F-11D3-BF4B-00C04F79EFBC}") = "ServerSample", "ServerSample\ServerSample.csproj", "{3A3999B2-855D-49C3-8B87-3E169A48AC7D}"
EndProject
Global
	GlobalSection(SolutionConfigurationPlatforms) = preSolution
		Debug|Any CPU = Debug|Any CPU
		Release|Any CPU = Release|Any CPU
	EndGlobalSection
	GlobalSection(ProjectConfigurationPlatforms) = postSolution
		{F8544496-9AFD-4145-802E-DEE78010A175}.Debug|Any CPU.ActiveCfg = Debug|Any CPU
		{F8544496-9AFD-4145-802E-DEE78010A175}.Debug|Any CPU.Build.0 = Debug|Any CPU
		{F8544496-9AFD-4145-802E-DEE78010A175}.Release|Any CPU.ActiveCfg = Release|Any CPU
		{F8544496-9AFD-4145-802E-DEE78010A175}.Release|Any CPU.Build.0 = Release|Any CPU
		{054A206F-5079-4000-B61B-62BF34474D55}.Debug|Any CPU.ActiveCfg = Debug|Any CPU
		{054A206F-5079-4000-B61B-62BF34474D55}.Debug|Any CPU.Build.0 = Debug|Any CPU
		{054A206F-5079-4000-B61B-62BF34474D55}.Release|Any CPU.ActiveCfg = Release|Any CPU
		{054A206F-5079-4000-B61B-62BF34474D55}.Release|Any CPU.Build.0 = Release|Any CPU
		{6A955FBC-56B3-4485-8D69-1CEB73C2EBB5}.Debug|Any CPU.ActiveCfg = Debug|Any CPU
		{6A955FBC-56B3-4485-8D69-1CEB73C2EBB5}.Debug|Any CPU.Build.0 = Debug|Any CPU
		{6A955FBC-56B3-4485-8D69-1CEB73C2EBB5}.Release|Any CPU.ActiveCfg = Release|Any CPU
		{6A955FBC-56B3-4485-8D69-1CEB73C2EBB5}.Release|Any CPU.Build.0 = Release|Any CPU
		{0E7056D5-A712-46E4-8650-36B1745B61A2}.Debug|Any CPU.ActiveCfg = Debug|Any CPU
		{0E7056D5-A712-46E4-8650-36B1745B61A2}.Debug|Any CPU.Build.0 = Debug|Any CPU
		{0E7056D5-A712-46E4-8650-36B1745B61A2}.Release|Any CPU.ActiveCfg = Release|Any CPU
		{0E7056D5-A712-46E4-8650-36B1745B61A2}.Release|Any CPU.Build.0 = Release|Any CPU
		{6BDF8635-B8AC-4AE2-9076-BEDA8A5956E5}.Debug|Any CPU.ActiveCfg = Debug|Any CPU
		{6BDF8635-B8AC-4AE2-9076-BEDA8A5956E5}.Debug|Any CPU.Build.0 = Debug|Any CPU
		{6BDF8635-B8AC-4AE2-9076-BEDA8A5956E5}.Release|Any CPU.ActiveCfg = Release|Any CPU
		{6BDF8635-B8AC-4AE2-9076-BEDA8A5956E5}.Release|Any CPU.Build.0 = Release|Any CPU
		{02811364-3653-4D30-8676-7819386B8E9F}.Debug|Any CPU.ActiveCfg = Debug|Any CPU
		{02811364-3653-4D30-8676-7819386B8E9F}.Debug|Any CPU.Build.0 = Debug|Any CPU
		{02811364-3653-4D30-8676-7819386B8E9F}.Release|Any CPU.ActiveCfg = Release|Any CPU
		{02811364-3653-4D30-8676-7819386B8E9F}.Release|Any CPU.Build.0 = Release|Any CPU
		{3A3999B2-855D-49C3-8B87-3E169A48AC7D}.Debug|Any CPU.ActiveCfg = Debug|Any CPU
		{3A3999B2-855D-49C3-8B87-3E169A48AC7D}.Debug|Any CPU.Build.0 = Debug|Any CPU
		{3A3999B2-855D-49C3-8B87-3E169A48AC7D}.Release|Any CPU.ActiveCfg = Release|Any CPU
		{3A3999B2-855D-49C3-8B87-3E169A48AC7D}.Release|Any CPU.Build.0 = Release|Any CPU
	EndGlobalSection
	GlobalSection(SolutionProperties) = preSolution
		HideSolutionNode = FALSE
	EndGlobalSection
	GlobalSection(ExtensibilityGlobals) = postSolution
		SolutionGuid = {BF266ED6-1405-4ACF-8176-8D5922AA0FF3}
	EndGlobalSection
EndGlobal
